
Microsoft Visual Studio Solution File, Format Version 12.00
# Visual Studio Version 16
VisualStudioVersion = 16.0.31515.178
MinimumVisualStudioVersion = 10.0.40219.1
Project("{FAE04EC0-301F-11D3-BF4B-00C04F79EFBC}") = "ExercicioDynamic3107", "ExercicioDynamic3107\ExercicioDynamic3107.csproj", "{363E7BEF-05F7-4B86-B71F-9DC4D1DF9EBA}"
EndProject
Global
	GlobalSection(SolutionConfigurationPlatforms) = preSolution
		Debug|Any CPU = Debug|Any CPU
		Release|Any CPU = Release|Any CPU
	EndGlobalSection
	GlobalSection(ProjectConfigurationPlatforms) = postSolution
		{363E7BEF-05F7-4B86-B71F-9DC4D1DF9EBA}.Debug|Any CPU.ActiveCfg = Debug|Any CPU
		{363E7BEF-05F7-4B86-B71F-9DC4D1DF9EBA}.Debug|Any CPU.Build.0 = Debug|Any CPU
		{363E7BEF-05F7-4B86-B71F-9DC4D1DF9EBA}.Release|Any CPU.ActiveCfg = Release|Any CPU
		{363E7BEF-05F7-4B86-B71F-9DC4D1DF9EBA}.Release|Any CPU.Build.0 = Release|Any CPU
	EndGlobalSection
	GlobalSection(SolutionProperties) = preSolution
		HideSolutionNode = FALSE
	EndGlobalSection
	GlobalSection(ExtensibilityGlobals) = postSolution
		SolutionGuid = {5553D1CC-01B6-4EF5-839D-B3B6AC5A67C5}
	EndGlobalSection
EndGlobal
